<?xml version="1.0" encoding="utf-8"?>
<Project ToolsVersion="4.0" xmlns="http://schemas.microsoft.com/developer/msbuild/2003">
  <ItemGroup>
    <Filter Include="Source Files">
      <UniqueIdentifier>{4FC737F1-C7A5-4376-A066-2A32D752A2FF}</UniqueIdentifier>
      <Extensions>cpp;c;cc;cxx;def;odl;idl;hpj;bat;asm;asmx</Extensions>
    </Filter>
    <Filter Include="Header Files">
      <UniqueIdentifier>{93995380-89BD-4b04-88EB-625FBE52EBFB}</UniqueIdentifier>
      <Extensions>h;hh;hpp;hxx;hm;inl;inc;xsd</Extensions>
    </Filter>
    <Filter Include="Resource Files">
      <UniqueIdentifier>{67DA6AB6-F800-4c08-8B7A-83BB121AAD01}</UniqueIdentifier>
      <Extensions>rc;ico;cur;bmp;dlg;rc2;rct;bin;rgs;gif;jpg;jpeg;jpe;resx;tiff;tif;png;wav;mfcribbon-ms</Extensions>
    </Filter>
    <Filter Include="Source Files\bigint-2010.04.30">
      <UniqueIdentifier>{1d0c7dbc-8513-4817-aa31-6ca62d1ced48}</UniqueIdentifier>
    </Filter>
  </ItemGroup>
  <ItemGroup>
    <Text Include="ReadMe.txt" />
  </ItemGroup>
  <ItemGroup>
    <ClInclude Include="stdafx.h">
      <Filter>Header Files</Filter>
    </ClInclude>
    <ClInclude Include="targetver.h">
      <Filter>Header Files</Filter>
    </ClInclude>
    <ClInclude Include="bigint-2010.04.30\BigInteger.hh">
      <Filter>Source Files\bigint-2010.04.30</Filter>
    </ClInclude>
    <ClInclude Include="bigint-2010.04.30\BigIntegerAlgorithms.hh">
      <Filter>Source Files\bigint-2010.04.30</Filter>
    </ClInclude>
    <ClInclude Include="bigint-2010.04.30\BigIntegerLibrary.hh">
      <Filter>Source Files\bigint-2010.04.30</Filter>
    </ClInclude>
    <ClInclude Include="bigint-2010.04.30\BigIntegerUtils.hh">
      <Filter>Source Files\bigint-2010.04.30</Filter>
    </ClInclude>
    <ClInclude Include="bigint-2010.04.30\BigUnsigned.hh">
      <Filter>Source Files\bigint-2010.04.30</Filter>
    </ClInclude>
    <ClInclude Include="bigint-2010.04.30\BigUnsignedInABase.hh">
      <Filter>Source Files\bigint-2010.04.30</Filter>
    </ClInclude>
    <ClInclude Include="bigint-2010.04.30\NumberlikeArray.hh">
      <Filter>Source Files\bigint-2010.04.30</Filter>
    </ClInclude>
  </ItemGroup>
  <ItemGroup>
    <ClCompile Include="stdafx.cpp">
      <Filter>Source Files</Filter>
    </ClCompile>
    <ClCompile Include="HelloCpp.cpp">
      <Filter>Source Files</Filter>
    </ClCompile>
    <ClCompile Include="bigint-2010.04.30\BigInteger.cc">
      <Filter>Source Files\bigint-2010.04.30</Filter>
    </ClCompile>
    <ClCompile Include="bigint-2010.04.30\BigIntegerAlgorithms.cc">
      <Filter>Source Files\bigint-2010.04.30</Filter>
    </ClCompile>
    <ClCompile Include="bigint-2010.04.30\BigIntegerUtils.cc">
      <Filter>Source Files\bigint-2010.04.30</Filter>
    </ClCompile>
    <ClCompile Include="bigint-2010.04.30\BigUnsigned.cc">
      <Filter>Source Files\bigint-2010.04.30</Filter>
    </ClCompile>
    <ClCompile Include="bigint-2010.04.30\BigUnsignedInABase.cc">
      <Filter>Source Files\bigint-2010.04.30</Filter>
    </ClCompile>
    <ClCompile Include="bigint-2010.04.30\sample.cc">
      <Filter>Source Files\bigint-2010.04.30</Filter>
    </ClCompile>
    <ClCompile Include="BloomFilterBigInteger.cpp">
      <Filter>Source Files</Filter>
    </ClCompile>
    <ClCompile Include="Crc32.cpp">
      <Filter>Source Files</Filter>
    </ClCompile>
  </ItemGroup>
  <ItemGroup>
    <None Include="bigint-2010.04.30\ChangeLog">
      <Filter>Source Files\bigint-2010.04.30</Filter>
    </None>
    <None Include="bigint-2010.04.30\README">
      <Filter>Source Files\bigint-2010.04.30</Filter>
    </None>
  </ItemGroup>
</Project>